
Microsoft Visual Studio Solution File, Format Version 12.00
# Visual Studio Version 17
VisualStudioVersion = 17.2.32602.215
MinimumVisualStudioVersion = 10.0.40219.1
Project("{9A19103F-16F7-4668-BE54-9A1E7A4F7556}") = "JpMusicTagger.Google", "JpMusicTagger.Google\JpMusicTagger.Google.csproj", "{3D0FD814-6AE9-4CE0-B2E0-E0AC7939AE36}"
EndProject
Project("{9A19103F-16F7-4668-BE54-9A1E7A4F7556}") = "JpMusicTagger.Main", "JpMusicTagger.Main\JpMusicTagger.Main.csproj", "{0AA50248-F5BB-42DC-A805-FFFF7CA1D320}"
EndProject
Project("{9A19103F-16F7-4668-BE54-9A1E7A4F7556}") = "JpMusicTagger.CDJapan", "JpMusicTagger.CDJapan\JpMusicTagger.CDJapan.csproj", "{6ED2CAD2-8FA1-43BB-9E56-0272185983FF}"
EndProject
Project("{9A19103F-16F7-4668-BE54-9A1E7A4F7556}") = "JpMusicTagger.VGMDB", "JpMusicTagger.VGMDB\JpMusicTagger.VGMDB.csproj", "{2F210B87-F1A6-4B3E-9B0A-883DF39C4A54}"
EndProject
Project("{9A19103F-16F7-4668-BE54-9A1E7A4F7556}") = "JpMusicTagger.Tags", "JpMusicTagger.SongMetadata\JpMusicTagger.Tags.csproj", "{CD41A57F-8EBB-4DBF-92F5-E422B5AB86FE}"
EndProject
Project("{9A19103F-16F7-4668-BE54-9A1E7A4F7556}") = "JpMusicTagger.Logging", "JpMusicTagger.Logging\JpMusicTagger.Logging.csproj", "{ED85A9C1-8FA5-4AF4-91EC-BDDF8CDB6026}"
EndProject
Project("{9A19103F-16F7-4668-BE54-9A1E7A4F7556}") = "JpMusicTagger.Extensions", "JpMusicTagger.Extensions\JpMusicTagger.Extensions.csproj", "{643B6E02-1A6D-44C0-8DE9-8FAA3352CDFF}"
EndProject
Project("{FAE04EC0-301F-11D3-BF4B-00C04F79EFBC}") = "JpMusicTagger.Kawazu", "JpMusicTagger.Kawazu\JpMusicTagger.Kawazu.csproj", "{7ABBBDCE-3A7A-48B4-AA56-4A18C41444EA}"
EndProject
Project("{FAE04EC0-301F-11D3-BF4B-00C04F79EFBC}") = "JpMusicTagger.Config", "JpMusicTagger.Config\JpMusicTagger.Config.csproj", "{3E97F3BE-5138-41B2-AAE1-32C15359EEBF}"
EndProject
Project("{2150E333-8FDC-42A3-9474-1A3956D46DE8}") = "Apis", "Apis", "{4326523E-0136-4646-9513-8823E2815A98}"
EndProject
Project("{2150E333-8FDC-42A3-9474-1A3956D46DE8}") = "Scrappers", "Scrappers", "{63073669-3401-4358-833C-2AFE5D245670}"
EndProject
Project("{2150E333-8FDC-42A3-9474-1A3956D46DE8}") = "Utils", "Utils", "{BB25A478-CFDD-4D9C-B891-B59A9EBE1E20}"
EndProject
Project("{2150E333-8FDC-42A3-9474-1A3956D46DE8}") = "Logging", "Logging", "{FE8A8B58-187D-4D77-8CE7-8B36FAAE14D3}"
EndProject
Global
	GlobalSection(SolutionConfigurationPlatforms) = preSolution
		Debug|Any CPU = Debug|Any CPU
		Release|Any CPU = Release|Any CPU
	EndGlobalSection
	GlobalSection(ProjectConfigurationPlatforms) = postSolution
		{3D0FD814-6AE9-4CE0-B2E0-E0AC7939AE36}.Debug|Any CPU.ActiveCfg = Debug|Any CPU
		{3D0FD814-6AE9-4CE0-B2E0-E0AC7939AE36}.Debug|Any CPU.Build.0 = Debug|Any CPU
		{3D0FD814-6AE9-4CE0-B2E0-E0AC7939AE36}.Release|Any CPU.ActiveCfg = Release|Any CPU
		{3D0FD814-6AE9-4CE0-B2E0-E0AC7939AE36}.Release|Any CPU.Build.0 = Release|Any CPU
		{0AA50248-F5BB-42DC-A805-FFFF7CA1D320}.Debug|Any CPU.ActiveCfg = Debug|Any CPU
		{0AA50248-F5BB-42DC-A805-FFFF7CA1D320}.Debug|Any CPU.Build.0 = Debug|Any CPU
		{0AA50248-F5BB-42DC-A805-FFFF7CA1D320}.Release|Any CPU.ActiveCfg = Release|Any CPU
		{0AA50248-F5BB-42DC-A805-FFFF7CA1D320}.Release|Any CPU.Build.0 = Release|Any CPU
		{6ED2CAD2-8FA1-43BB-9E56-0272185983FF}.Debug|Any CPU.ActiveCfg = Debug|Any CPU
		{6ED2CAD2-8FA1-43BB-9E56-0272185983FF}.Debug|Any CPU.Build.0 = Debug|Any CPU
		{6ED2CAD2-8FA1-43BB-9E56-0272185983FF}.Release|Any CPU.ActiveCfg = Release|Any CPU
		{6ED2CAD2-8FA1-43BB-9E56-0272185983FF}.Release|Any CPU.Build.0 = Release|Any CPU
		{2F210B87-F1A6-4B3E-9B0A-883DF39C4A54}.Debug|Any CPU.ActiveCfg = Debug|Any CPU
		{2F210B87-F1A6-4B3E-9B0A-883DF39C4A54}.Debug|Any CPU.Build.0 = Debug|Any CPU
		{2F210B87-F1A6-4B3E-9B0A-883DF39C4A54}.Release|Any CPU.ActiveCfg = Release|Any CPU
		{2F210B87-F1A6-4B3E-9B0A-883DF39C4A54}.Release|Any CPU.Build.0 = Release|Any CPU
		{CD41A57F-8EBB-4DBF-92F5-E422B5AB86FE}.Debug|Any CPU.ActiveCfg = Debug|Any CPU
		{CD41A57F-8EBB-4DBF-92F5-E422B5AB86FE}.Debug|Any CPU.Build.0 = Debug|Any CPU
		{CD41A57F-8EBB-4DBF-92F5-E422B5AB86FE}.Release|Any CPU.ActiveCfg = Release|Any CPU
		{CD41A57F-8EBB-4DBF-92F5-E422B5AB86FE}.Release|Any CPU.Build.0 = Release|Any CPU
		{ED85A9C1-8FA5-4AF4-91EC-BDDF8CDB6026}.Debug|Any CPU.ActiveCfg = Debug|Any CPU
		{ED85A9C1-8FA5-4AF4-91EC-BDDF8CDB6026}.Debug|Any CPU.Build.0 = Debug|Any CPU
		{ED85A9C1-8FA5-4AF4-91EC-BDDF8CDB6026}.Release|Any CPU.ActiveCfg = Release|Any CPU
		{ED85A9C1-8FA5-4AF4-91EC-BDDF8CDB6026}.Release|Any CPU.Build.0 = Release|Any CPU
		{643B6E02-1A6D-44C0-8DE9-8FAA3352CDFF}.Debug|Any CPU.ActiveCfg = Debug|Any CPU
		{643B6E02-1A6D-44C0-8DE9-8FAA3352CDFF}.Debug|Any CPU.Build.0 = Debug|Any CPU
		{643B6E02-1A6D-44C0-8DE9-8FAA3352CDFF}.Release|Any CPU.ActiveCfg = Release|Any CPU
		{643B6E02-1A6D-44C0-8DE9-8FAA3352CDFF}.Release|Any CPU.Build.0 = Release|Any CPU
		{7ABBBDCE-3A7A-48B4-AA56-4A18C41444EA}.Debug|Any CPU.ActiveCfg = Debug|Any CPU
		{7ABBBDCE-3A7A-48B4-AA56-4A18C41444EA}.Debug|Any CPU.Build.0 = Debug|Any CPU
		{7ABBBDCE-3A7A-48B4-AA56-4A18C41444EA}.Release|Any CPU.ActiveCfg = Release|Any CPU
		{7ABBBDCE-3A7A-48B4-AA56-4A18C41444EA}.Release|Any CPU.Build.0 = Release|Any CPU
		{3E97F3BE-5138-41B2-AAE1-32C15359EEBF}.Debug|Any CPU.ActiveCfg = Debug|Any CPU
		{3E97F3BE-5138-41B2-AAE1-32C15359EEBF}.Debug|Any CPU.Build.0 = Debug|Any CPU
		{3E97F3BE-5138-41B2-AAE1-32C15359EEBF}.Release|Any CPU.ActiveCfg = Release|Any CPU
		{3E97F3BE-5138-41B2-AAE1-32C15359EEBF}.Release|Any CPU.Build.0 = Release|Any CPU
	EndGlobalSection
	GlobalSection(SolutionProperties) = preSolution
		HideSolutionNode = FALSE
	EndGlobalSection
	GlobalSection(NestedProjects) = preSolution
		{3D0FD814-6AE9-4CE0-B2E0-E0AC7939AE36} = {4326523E-0136-4646-9513-8823E2815A98}
		{6ED2CAD2-8FA1-43BB-9E56-0272185983FF} = {63073669-3401-4358-833C-2AFE5D245670}
		{2F210B87-F1A6-4B3E-9B0A-883DF39C4A54} = {63073669-3401-4358-833C-2AFE5D245670}
		{CD41A57F-8EBB-4DBF-92F5-E422B5AB86FE} = {BB25A478-CFDD-4D9C-B891-B59A9EBE1E20}
		{ED85A9C1-8FA5-4AF4-91EC-BDDF8CDB6026} = {FE8A8B58-187D-4D77-8CE7-8B36FAAE14D3}
		{643B6E02-1A6D-44C0-8DE9-8FAA3352CDFF} = {BB25A478-CFDD-4D9C-B891-B59A9EBE1E20}
		{7ABBBDCE-3A7A-48B4-AA56-4A18C41444EA} = {4326523E-0136-4646-9513-8823E2815A98}
		{3E97F3BE-5138-41B2-AAE1-32C15359EEBF} = {BB25A478-CFDD-4D9C-B891-B59A9EBE1E20}
	EndGlobalSection
	GlobalSection(ExtensibilityGlobals) = postSolution
		SolutionGuid = {D7720F92-A94B-4F4C-AD93-20A919462ED8}
	EndGlobalSection
EndGlobal
