
Microsoft Visual Studio Solution File, Format Version 12.00
# Visual Studio Version 17
VisualStudioVersion = 17.2.32602.215
MinimumVisualStudioVersion = 10.0.40219.1
Project("{9A19103F-16F7-4668-BE54-9A1E7A4F7556}") = "JpMusicTagger.Google", "JpMusicTagger.Google\JpMusicTagger.Google.csproj", "{3D0FD814-6AE9-4CE0-B2E0-E0AC7939AE36}"
EndProject
Project("{9A19103F-16F7-4668-BE54-9A1E7A4F7556}") = "JpMusicTagger.Main", "JpMusicTagger.Main\JpMusicTagger.Main.csproj", "{0AA50248-F5BB-42DC-A805-FFFF7CA1D320}"
EndProject
Project("{9A19103F-16F7-4668-BE54-9A1E7A4F7556}") = "JpMusicTagger.CDJapan", "JpMusicTagger.CDJapan\JpMusicTagger.CDJapan.csproj", "{6ED2CAD2-8FA1-43BB-9E56-0272185983FF}"
EndProject
Project("{9A19103F-16F7-4668-BE54-9A1E7A4F7556}") = "JpMusicTagger.VGMDB", "JpMusicTagger.VGMDB\JpMusicTagger.VGMDB.csproj", "{2F210B87-F1A6-4B3E-9B0A-883DF39C4A54}"
EndProject
Project("{9A19103F-16F7-4668-BE54-9A1E7A4F7556}") = "JpMusicTagger.Tags", "JpMusicTagger.SongMetadata\JpMusicTagger.Tags.csproj", "{CD41A57F-8EBB-4DBF-92F5-E422B5AB86FE}"
EndProject
Project("{9A19103F-16F7-4668-BE54-9A1E7A4F7556}") = "JpMusicTagger.Logging", "JpMusicTagger.Logging\JpMusicTagger.Logging.csproj", "{ED85A9C1-8FA5-4AF4-91EC-BDDF8CDB6026}"
EndProject
Project("{9A19103F-16F7-4668-BE54-9A1E7A4F7556}") = "JpMusicTagger.Extensions", "JpMusicTagger.Extensions\JpMusicTagger.Extensions.csproj", "{643B6E02-1A6D-44C0-8DE9-8FAA3352CDFF}"
EndProject
Global
	GlobalSection(SolutionConfigurationPlatforms) = preSolution
		Debug|Any CPU = Debug|Any CPU
		Release|Any CPU = Release|Any CPU
	EndGlobalSection
	GlobalSection(ProjectConfigurationPlatforms) = postSolution
		{3D0FD814-6AE9-4CE0-B2E0-E0AC7939AE36}.Debug|Any CPU.ActiveCfg = Debug|Any CPU
		{3D0FD814-6AE9-4CE0-B2E0-E0AC7939AE36}.Debug|Any CPU.Build.0 = Debug|Any CPU
		{3D0FD814-6AE9-4CE0-B2E0-E0AC7939AE36}.Release|Any CPU.ActiveCfg = Release|Any CPU
		{3D0FD814-6AE9-4CE0-B2E0-E0AC7939AE36}.Release|Any CPU.Build.0 = Release|Any CPU
		{0AA50248-F5BB-42DC-A805-FFFF7CA1D320}.Debug|Any CPU.ActiveCfg = Debug|Any CPU
		{0AA50248-F5BB-42DC-A805-FFFF7CA1D320}.Debug|Any CPU.Build.0 = Debug|Any CPU
		{0AA50248-F5BB-42DC-A805-FFFF7CA1D320}.Release|Any CPU.ActiveCfg = Release|Any CPU
		{0AA50248-F5BB-42DC-A805-FFFF7CA1D320}.Release|Any CPU.Build.0 = Release|Any CPU
		{6ED2CAD2-8FA1-43BB-9E56-0272185983FF}.Debug|Any CPU.ActiveCfg = Debug|Any CPU
		{6ED2CAD2-8FA1-43BB-9E56-0272185983FF}.Debug|Any CPU.Build.0 = Debug|Any CPU
		{6ED2CAD2-8FA1-43BB-9E56-0272185983FF}.Release|Any CPU.ActiveCfg = Release|Any CPU
		{6ED2CAD2-8FA1-43BB-9E56-0272185983FF}.Release|Any CPU.Build.0 = Release|Any CPU
		{2F210B87-F1A6-4B3E-9B0A-883DF39C4A54}.Debug|Any CPU.ActiveCfg = Debug|Any CPU
		{2F210B87-F1A6-4B3E-9B0A-883DF39C4A54}.Debug|Any CPU.Build.0 = Debug|Any CPU
		{2F210B87-F1A6-4B3E-9B0A-883DF39C4A54}.Release|Any CPU.ActiveCfg = Release|Any CPU
		{2F210B87-F1A6-4B3E-9B0A-883DF39C4A54}.Release|Any CPU.Build.0 = Release|Any CPU
		{CD41A57F-8EBB-4DBF-92F5-E422B5AB86FE}.Debug|Any CPU.ActiveCfg = Debug|Any CPU
		{CD41A57F-8EBB-4DBF-92F5-E422B5AB86FE}.Debug|Any CPU.Build.0 = Debug|Any CPU
		{CD41A57F-8EBB-4DBF-92F5-E422B5AB86FE}.Release|Any CPU.ActiveCfg = Release|Any CPU
		{CD41A57F-8EBB-4DBF-92F5-E422B5AB86FE}.Release|Any CPU.Build.0 = Release|Any CPU
		{ED85A9C1-8FA5-4AF4-91EC-BDDF8CDB6026}.Debug|Any CPU.ActiveCfg = Debug|Any CPU
		{ED85A9C1-8FA5-4AF4-91EC-BDDF8CDB6026}.Debug|Any CPU.Build.0 = Debug|Any CPU
		{ED85A9C1-8FA5-4AF4-91EC-BDDF8CDB6026}.Release|Any CPU.ActiveCfg = Release|Any CPU
		{ED85A9C1-8FA5-4AF4-91EC-BDDF8CDB6026}.Release|Any CPU.Build.0 = Release|Any CPU
		{643B6E02-1A6D-44C0-8DE9-8FAA3352CDFF}.Debug|Any CPU.ActiveCfg = Debug|Any CPU
		{643B6E02-1A6D-44C0-8DE9-8FAA3352CDFF}.Debug|Any CPU.Build.0 = Debug|Any CPU
		{643B6E02-1A6D-44C0-8DE9-8FAA3352CDFF}.Release|Any CPU.ActiveCfg = Release|Any CPU
		{643B6E02-1A6D-44C0-8DE9-8FAA3352CDFF}.Release|Any CPU.Build.0 = Release|Any CPU
	EndGlobalSection
	GlobalSection(SolutionProperties) = preSolution
		HideSolutionNode = FALSE
	EndGlobalSection
	GlobalSection(ExtensibilityGlobals) = postSolution
		SolutionGuid = {D7720F92-A94B-4F4C-AD93-20A919462ED8}
	EndGlobalSection
EndGlobal
